
Microsoft Visual Studio Solution File, Format Version 12.00
# Visual Studio Version 17
VisualStudioVersion = 17.14.36401.2 d17.14
MinimumVisualStudioVersion = 10.0.40219.1
Project("{FAE04EC0-301F-11D3-BF4B-00C04F79EFBC}") = "AwsWebAPI", "AwsWebAPI\AwsWebAPI.csproj", "{9B4AA4E3-B485-4BD3-B096-693063E519A9}"
EndProject
Global
	GlobalSection(SolutionConfigurationPlatforms) = preSolution
		Debug|Any CPU = Debug|Any CPU
		Release|Any CPU = Release|Any CPU
	EndGlobalSection
	GlobalSection(ProjectConfigurationPlatforms) = postSolution
		{9B4AA4E3-B485-4BD3-B096-693063E519A9}.Debug|Any CPU.ActiveCfg = Debug|Any CPU
		{9B4AA4E3-B485-4BD3-B096-693063E519A9}.Debug|Any CPU.Build.0 = Debug|Any CPU
		{9B4AA4E3-B485-4BD3-B096-693063E519A9}.Release|Any CPU.ActiveCfg = Release|Any CPU
		{9B4AA4E3-B485-4BD3-B096-693063E519A9}.Release|Any CPU.Build.0 = Release|Any CPU
	EndGlobalSection
	GlobalSection(SolutionProperties) = preSolution
		HideSolutionNode = FALSE
	EndGlobalSection
	GlobalSection(ExtensibilityGlobals) = postSolution
		SolutionGuid = {61260D49-3F57-4E44-ACAB-2C2EB141C453}
	EndGlobalSection
EndGlobal
